
Microsoft Visual Studio Solution File, Format Version 12.00
# Visual Studio Version 16
VisualStudioVersion = 16.0.32407.337
MinimumVisualStudioVersion = 10.0.40219.1
Project("{FAE04EC0-301F-11D3-BF4B-00C04F79EFBC}") = "Kursach", "Kursach\Kursach.csproj", "{68E1C32F-31F2-416F-8897-9BB36C636974}"
EndProject
Global
	GlobalSection(SolutionConfigurationPlatforms) = preSolution
		Debug|Any CPU = Debug|Any CPU
		Release|Any CPU = Release|Any CPU
	EndGlobalSection
	GlobalSection(ProjectConfigurationPlatforms) = postSolution
		{68E1C32F-31F2-416F-8897-9BB36C636974}.Debug|Any CPU.ActiveCfg = Debug|Any CPU
		{68E1C32F-31F2-416F-8897-9BB36C636974}.Debug|Any CPU.Build.0 = Debug|Any CPU
		{68E1C32F-31F2-416F-8897-9BB36C636974}.Release|Any CPU.ActiveCfg = Release|Any CPU
		{68E1C32F-31F2-416F-8897-9BB36C636974}.Release|Any CPU.Build.0 = Release|Any CPU
	EndGlobalSection
	GlobalSection(SolutionProperties) = preSolution
		HideSolutionNode = FALSE
	EndGlobalSection
	GlobalSection(ExtensibilityGlobals) = postSolution
		SolutionGuid = {78FDD2BA-37CD-433D-A03E-982B99F677D1}
	EndGlobalSection
EndGlobal
